
Microsoft Visual Studio Solution File, Format Version 12.00
# Visual Studio Version 16
VisualStudioVersion = 16.0.30406.217
MinimumVisualStudioVersion = 10.0.40219.1
Project("{FAE04EC0-301F-11D3-BF4B-00C04F79EFBC}") = "LibraryWebApp", "LibraryWebApp\LibraryWebApp.csproj", "{A7095E0F-B42D-4AAC-95F3-44954B460DBA}"
EndProject
Project("{FAE04EC0-301F-11D3-BF4B-00C04F79EFBC}") = "LibraryBusinessLogicLayer", "BusinessLogic\LibraryBusinessLogicLayer.csproj", "{5941BFDF-E39B-4AC3-8546-BC123908B7CC}"
EndProject
Project("{FAE04EC0-301F-11D3-BF4B-00C04F79EFBC}") = "LibraryDatabaseAccessLayer", "LibraryDatabaseAccessLayer\LibraryDatabaseAccessLayer.csproj", "{0BE440D0-93A6-4797-AEB7-FE00051810C5}"
EndProject
Project("{FAE04EC0-301F-11D3-BF4B-00C04F79EFBC}") = "LibraryCommon", "LibraryCommon\LibraryCommon.csproj", "{A7F4EA1D-874E-47CE-A0CA-CAC5C3B40704}"
EndProject
Project("{FAE04EC0-301F-11D3-BF4B-00C04F79EFBC}") = "UnitTestProject1", "UnitTestProject1\UnitTestProject1.csproj", "{DF91C06D-425F-411A-9C14-101122B32128}"
EndProject
Global
	GlobalSection(SolutionConfigurationPlatforms) = preSolution
		Debug|Any CPU = Debug|Any CPU
		Release|Any CPU = Release|Any CPU
	EndGlobalSection
	GlobalSection(ProjectConfigurationPlatforms) = postSolution
		{A7095E0F-B42D-4AAC-95F3-44954B460DBA}.Debug|Any CPU.ActiveCfg = Debug|Any CPU
		{A7095E0F-B42D-4AAC-95F3-44954B460DBA}.Debug|Any CPU.Build.0 = Debug|Any CPU
		{A7095E0F-B42D-4AAC-95F3-44954B460DBA}.Release|Any CPU.ActiveCfg = Release|Any CPU
		{A7095E0F-B42D-4AAC-95F3-44954B460DBA}.Release|Any CPU.Build.0 = Release|Any CPU
		{5941BFDF-E39B-4AC3-8546-BC123908B7CC}.Debug|Any CPU.ActiveCfg = Debug|Any CPU
		{5941BFDF-E39B-4AC3-8546-BC123908B7CC}.Debug|Any CPU.Build.0 = Debug|Any CPU
		{5941BFDF-E39B-4AC3-8546-BC123908B7CC}.Release|Any CPU.ActiveCfg = Release|Any CPU
		{5941BFDF-E39B-4AC3-8546-BC123908B7CC}.Release|Any CPU.Build.0 = Release|Any CPU
		{0BE440D0-93A6-4797-AEB7-FE00051810C5}.Debug|Any CPU.ActiveCfg = Debug|Any CPU
		{0BE440D0-93A6-4797-AEB7-FE00051810C5}.Debug|Any CPU.Build.0 = Debug|Any CPU
		{0BE440D0-93A6-4797-AEB7-FE00051810C5}.Release|Any CPU.ActiveCfg = Release|Any CPU
		{0BE440D0-93A6-4797-AEB7-FE00051810C5}.Release|Any CPU.Build.0 = Release|Any CPU
		{A7F4EA1D-874E-47CE-A0CA-CAC5C3B40704}.Debug|Any CPU.ActiveCfg = Debug|Any CPU
		{A7F4EA1D-874E-47CE-A0CA-CAC5C3B40704}.Debug|Any CPU.Build.0 = Debug|Any CPU
		{A7F4EA1D-874E-47CE-A0CA-CAC5C3B40704}.Release|Any CPU.ActiveCfg = Release|Any CPU
		{A7F4EA1D-874E-47CE-A0CA-CAC5C3B40704}.Release|Any CPU.Build.0 = Release|Any CPU
		{DF91C06D-425F-411A-9C14-101122B32128}.Debug|Any CPU.ActiveCfg = Debug|Any CPU
		{DF91C06D-425F-411A-9C14-101122B32128}.Debug|Any CPU.Build.0 = Debug|Any CPU
		{DF91C06D-425F-411A-9C14-101122B32128}.Release|Any CPU.ActiveCfg = Release|Any CPU
		{DF91C06D-425F-411A-9C14-101122B32128}.Release|Any CPU.Build.0 = Release|Any CPU
	EndGlobalSection
	GlobalSection(SolutionProperties) = preSolution
		HideSolutionNode = FALSE
	EndGlobalSection
	GlobalSection(ExtensibilityGlobals) = postSolution
		SolutionGuid = {B646C726-A782-40F3-9AB6-9C12E32FB059}
	EndGlobalSection
EndGlobal
